%{
  "build_dot_zig": {:hex, :build_dot_zig, "0.6.2", "90730b02a47de7c2e128e5a899e0501234c6dfcc2e2dbcc05ecd5503f7910347", [:mix], [{:castore, "~> 1.0", [hex: :castore, repo: "hexpm", optional: false]}, {:jason, "~> 1.4", [hex: :jason, repo: "hexpm", optional: false]}], "hexpm", "f1d18d8ae9ef54b649f2f266b7b6137ef7d31ef5c69c3c8aac8a1bc4d783c02b"},
  "castore": {:hex, :castore, "1.0.15", "8aa930c890fe18b6fe0a0cff27b27d0d4d231867897bd23ea772dee561f032a3", [:mix], [], "hexpm", "96ce4c69d7d5d7a0761420ef743e2f4096253931a3ba69e5ff8ef1844fe446d3"},
  "jason": {:hex, :jason, "1.4.4", "b9226785a9aa77b6857ca22832cffa5d5011a667207eb2a0ad56adb5db443b8a", [:mix], [{:decimal, "~> 1.0 or ~> 2.0", [hex: :decimal, repo: "hexpm", optional: true]}], "hexpm", "c5eb0cab91f094599f94d55bc63409236a8ec69a21a67814529e8d5f6cc90b3b"},
}
